
Microsoft Visual Studio Solution File, Format Version 12.00
# Visual Studio 15
VisualStudioVersion = 15.0.28307.421
MinimumVisualStudioVersion = 10.0.40219.1
Project("{FAE04EC0-301F-11D3-BF4B-00C04F79EFBC}") = "TransViz", "TransViz\TransViz.csproj", "{CEA7A566-173A-4BD7-9798-F1823216D6E7}"
EndProject
Global
	GlobalSection(SolutionConfigurationPlatforms) = preSolution
		Debug|Any CPU = Debug|Any CPU
		Release|Any CPU = Release|Any CPU
	EndGlobalSection
	GlobalSection(ProjectConfigurationPlatforms) = postSolution
		{CEA7A566-173A-4BD7-9798-F1823216D6E7}.Debug|Any CPU.ActiveCfg = Debug|Any CPU
		{CEA7A566-173A-4BD7-9798-F1823216D6E7}.Debug|Any CPU.Build.0 = Debug|Any CPU
		{CEA7A566-173A-4BD7-9798-F1823216D6E7}.Release|Any CPU.ActiveCfg = Release|Any CPU
		{CEA7A566-173A-4BD7-9798-F1823216D6E7}.Release|Any CPU.Build.0 = Release|Any CPU
	EndGlobalSection
	GlobalSection(SolutionProperties) = preSolution
		HideSolutionNode = FALSE
	EndGlobalSection
	GlobalSection(ExtensibilityGlobals) = postSolution
		SolutionGuid = {00BD06B6-4C8C-4D3D-892E-DFB8CC06D024}
	EndGlobalSection
EndGlobal
